
Microsoft Visual Studio Solution File, Format Version 12.00
# Visual Studio Version 17
VisualStudioVersion = 17.5.33414.496
MinimumVisualStudioVersion = 10.0.40219.1
Project("{FAE04EC0-301F-11D3-BF4B-00C04F79EFBC}") = "Business", "Business\Business.csproj", "{EACE7D08-8E5A-482D-BFE1-757515804B4E}"
EndProject
Global
	GlobalSection(SolutionConfigurationPlatforms) = preSolution
		Debug|Any CPU = Debug|Any CPU
		Release|Any CPU = Release|Any CPU
	EndGlobalSection
	GlobalSection(ProjectConfigurationPlatforms) = postSolution
		{EACE7D08-8E5A-482D-BFE1-757515804B4E}.Debug|Any CPU.ActiveCfg = Debug|Any CPU
		{EACE7D08-8E5A-482D-BFE1-757515804B4E}.Debug|Any CPU.Build.0 = Debug|Any CPU
		{EACE7D08-8E5A-482D-BFE1-757515804B4E}.Release|Any CPU.ActiveCfg = Release|Any CPU
		{EACE7D08-8E5A-482D-BFE1-757515804B4E}.Release|Any CPU.Build.0 = Release|Any CPU
	EndGlobalSection
	GlobalSection(SolutionProperties) = preSolution
		HideSolutionNode = FALSE
	EndGlobalSection
	GlobalSection(ExtensibilityGlobals) = postSolution
		SolutionGuid = {480BEAEB-ABCD-4E4B-ACDE-211ED664CFA8}
	EndGlobalSection
EndGlobal
